{
  "name": "teaworldtest",
  "version": "1.0.0",
  "lockfileVersion": 2,
  "requires": true,
  "packages": {
    "": {
      "name": "teaworldtest",
      "version": "1.0.0",
      "license": "ISC"
    },
    "node_modules/teaworldtest": {
      "resolved": "",
      "link": true
    }
  },
  "dependencies": {
    "teaworldtest": {
      "version": "file:"
    }
  }
}
